// !$*UTF8*$!
{
	archiveVersion = 1;
	classes = {
	};
	objectVersion = 46;
	objects = {

/* Begin PBXBuildFile section */
		D8029A291B23954400AE8D11 /* GreekGodTVC.m in Sources */ = {isa = PBXBuildFile; fileRef = D8029A281B23954400AE8D11 /* GreekGodTVC.m */; };
		D805903A1B238C22006DC364 /* main.m in Sources */ = {isa = PBXBuildFile; fileRef = D80590391B238C22006DC364 /* main.m */; };
		D805903D1B238C22006DC364 /* AppDelegate.m in Sources */ = {isa = PBXBuildFile; fileRef = D805903C1B238C22006DC364 /* AppDelegate.m */; };
		D80590401B238C22006DC364 /* ViewController.m in Sources */ = {isa = PBXBuildFile; fileRef = D805903F1B238C22006DC364 /* ViewController.m */; };
		D80590431B238C22006DC364 /* Main.storyboard in Resources */ = {isa = PBXBuildFile; fileRef = D80590411B238C22006DC364 /* Main.storyboard */; };
		D80590451B238C22006DC364 /* Images.xcassets in Resources */ = {isa = PBXBuildFile; fileRef = D80590441B238C22006DC364 /* Images.xcassets */; };
		D80590481B238C22006DC364 /* LaunchScreen.xib in Resources */ = {isa = PBXBuildFile; fileRef = D80590461B238C22006DC364 /* LaunchScreen.xib */; };
		D80590541B238C23006DC364 /* greekgods_parseTests.m in Sources */ = {isa = PBXBuildFile; fileRef = D80590531B238C23006DC364 /* greekgods_parseTests.m */; };
		D8E5FD081B23B67D00AD4140 /* FormVC.m in Sources */ = {isa = PBXBuildFile; fileRef = D8E5FD071B23B67D00AD4140 /* FormVC.m */; };
		D8E5FD0B1B23BBC600AD4140 /* DetailVC.m in Sources */ = {isa = PBXBuildFile; fileRef = D8E5FD0A1B23BBC600AD4140 /* DetailVC.m */; };
		ECFF2C4BF082F15E71E719A9 /* libPods.a in Frameworks */ = {isa = PBXBuildFile; fileRef = CF510082EF0B04AC186F66D4 /* libPods.a */; };
/* End PBXBuildFile section */

/* Begin PBXContainerItemProxy section */
		D805904E1B238C23006DC364 /* PBXContainerItemProxy */ = {
			isa = PBXContainerItemProxy;
			containerPortal = D805902C1B238C22006DC364 /* Project object */;
			proxyType = 1;
			remoteGlobalIDString = D80590331B238C22006DC364;
			remoteInfo = "greekgods-parse";
		};
/* End PBXContainerItemProxy section */

/* Begin PBXFileReference section */
		8F0355BA344FFC9CF7FFEB7A /* Pods.release.xcconfig */ = {isa = PBXFileReference; includeInIndex = 1; lastKnownFileType = text.xcconfig; name = Pods.release.xcconfig; path = "Pods/Target Support Files/Pods/Pods.release.xcconfig"; sourceTree = "<group>"; };
		C0E589DC96ACC74CA22E0A68 /* Pods.debug.xcconfig */ = {isa = PBXFileReference; includeInIndex = 1; lastKnownFileType = text.xcconfig; name = Pods.debug.xcconfig; path = "Pods/Target Support Files/Pods/Pods.debug.xcconfig"; sourceTree = "<group>"; };
		CF510082EF0B04AC186F66D4 /* libPods.a */ = {isa = PBXFileReference; explicitFileType = archive.ar; includeInIndex = 0; path = libPods.a; sourceTree = BUILT_PRODUCTS_DIR; };
		D8029A271B23954400AE8D11 /* GreekGodTVC.h */ = {isa = PBXFileReference; fileEncoding = 4; lastKnownFileType = sourcecode.c.h; path = GreekGodTVC.h; sourceTree = "<group>"; };
		D8029A281B23954400AE8D11 /* GreekGodTVC.m */ = {isa = PBXFileReference; fileEncoding = 4; lastKnownFileType = sourcecode.c.objc; path = GreekGodTVC.m; sourceTree = "<group>"; };
		D80590341B238C22006DC364 /* greekgods-parse.app */ = {isa = PBXFileReference; explicitFileType = wrapper.application; includeInIndex = 0; path = "greekgods-parse.app"; sourceTree = BUILT_PRODUCTS_DIR; };
		D80590381B238C22006DC364 /* Info.plist */ = {isa = PBXFileReference; lastKnownFileType = text.plist.xml; path = Info.plist; sourceTree = "<group>"; };
		D80590391B238C22006DC364 /* main.m */ = {isa = PBXFileReference; lastKnownFileType = sourcecode.c.objc; path = main.m; sourceTree = "<group>"; };
		D805903B1B238C22006DC364 /* AppDelegate.h */ = {isa = PBXFileReference; lastKnownFileType = sourcecode.c.h; path = AppDelegate.h; sourceTree = "<group>"; };
		D805903C1B238C22006DC364 /* AppDelegate.m */ = {isa = PBXFileReference; lastKnownFileType = sourcecode.c.objc; path = AppDelegate.m; sourceTree = "<group>"; };
		D805903E1B238C22006DC364 /* ViewController.h */ = {isa = PBXFileReference; lastKnownFileType = sourcecode.c.h; path = ViewController.h; sourceTree = "<group>"; };
		D805903F1B238C22006DC364 /* ViewController.m */ = {isa = PBXFileReference; lastKnownFileType = sourcecode.c.objc; path = ViewController.m; sourceTree = "<group>"; };
		D80590421B238C22006DC364 /* Base */ = {isa = PBXFileReference; lastKnownFileType = file.storyboard; name = Base; path = Base.lproj/Main.storyboard; sourceTree = "<group>"; };
		D80590441B238C22006DC364 /* Images.xcassets */ = {isa = PBXFileReference; lastKnownFileType = folder.assetcatalog; path = Images.xcassets; sourceTree = "<group>"; };
		D80590471B238C22006DC364 /* Base */ = {isa = PBXFileReference; lastKnownFileType = file.xib; name = Base; path = Base.lproj/LaunchScreen.xib; sourceTree = "<group>"; };
		D805904D1B238C23006DC364 /* greekgods-parseTests.xctest */ = {isa = PBXFileReference; explicitFileType = wrapper.cfbundle; includeInIndex = 0; path = "greekgods-parseTests.xctest"; sourceTree = BUILT_PRODUCTS_DIR; };
		D80590521B238C23006DC364 /* Info.plist */ = {isa = PBXFileReference; lastKnownFileType = text.plist.xml; path = Info.plist; sourceTree = "<group>"; };
		D80590531B238C23006DC364 /* greekgods_parseTests.m */ = {isa = PBXFileReference; lastKnownFileType = sourcecode.c.objc; path = greekgods_parseTests.m; sourceTree = "<group>"; };
		D8E5FD061B23B67D00AD4140 /* FormVC.h */ = {isa = PBXFileReference; fileEncoding = 4; lastKnownFileType = sourcecode.c.h; path = FormVC.h; sourceTree = "<group>"; };
		D8E5FD071B23B67D00AD4140 /* FormVC.m */ = {isa = PBXFileReference; fileEncoding = 4; lastKnownFileType = sourcecode.c.objc; path = FormVC.m; sourceTree = "<group>"; };
		D8E5FD091B23BBC600AD4140 /* DetailVC.h */ = {isa = PBXFileReference; fileEncoding = 4; lastKnownFileType = sourcecode.c.h; path = DetailVC.h; sourceTree = "<group>"; };
		D8E5FD0A1B23BBC600AD4140 /* DetailVC.m */ = {isa = PBXFileReference; fileEncoding = 4; lastKnownFileType = sourcecode.c.objc; path = DetailVC.m; sourceTree = "<group>"; };
/* End PBXFileReference section */

/* Begin PBXFrameworksBuildPhase section */
		D80590311B238C22006DC364 /* Frameworks */ = {
			isa = PBXFrameworksBuildPhase;
			buildActionMask = 2147483647;
			files = (
				ECFF2C4BF082F15E71E719A9 /* libPods.a in Frameworks */,
			);
			runOnlyForDeploymentPostprocessing = 0;
		};
		D805904A1B238C23006DC364 /* Frameworks */ = {
			isa = PBXFrameworksBuildPhase;
			buildActionMask = 2147483647;
			files = (
			);
			runOnlyForDeploymentPostprocessing = 0;
		};
/* End PBXFrameworksBuildPhase section */

/* Begin PBXGroup section */
		C0F66E9FEAB2FB8E898E10AC /* Frameworks */ = {
			isa = PBXGroup;
			children = (
				CF510082EF0B04AC186F66D4 /* libPods.a */,
			);
			name = Frameworks;
			sourceTree = "<group>";
		};
		D805902B1B238C22006DC364 = {
			isa = PBXGroup;
			children = (
				D80590361B238C22006DC364 /* greekgods-parse */,
				D80590501B238C23006DC364 /* greekgods-parseTests */,
				D80590351B238C22006DC364 /* Products */,
				FEF97535E8FAF5B2687285EB /* Pods */,
				C0F66E9FEAB2FB8E898E10AC /* Frameworks */,
			);
			sourceTree = "<group>";
		};
		D80590351B238C22006DC364 /* Products */ = {
			isa = PBXGroup;
			children = (
				D80590341B238C22006DC364 /* greekgods-parse.app */,
				D805904D1B238C23006DC364 /* greekgods-parseTests.xctest */,
			);
			name = Products;
			sourceTree = "<group>";
		};
		D80590361B238C22006DC364 /* greekgods-parse */ = {
			isa = PBXGroup;
			children = (
				D805903B1B238C22006DC364 /* AppDelegate.h */,
				D805903C1B238C22006DC364 /* AppDelegate.m */,
				D805903E1B238C22006DC364 /* ViewController.h */,
				D805903F1B238C22006DC364 /* ViewController.m */,
				D8029A271B23954400AE8D11 /* GreekGodTVC.h */,
				D8029A281B23954400AE8D11 /* GreekGodTVC.m */,
				D8E5FD061B23B67D00AD4140 /* FormVC.h */,
				D8E5FD071B23B67D00AD4140 /* FormVC.m */,
				D8E5FD091B23BBC600AD4140 /* DetailVC.h */,
				D8E5FD0A1B23BBC600AD4140 /* DetailVC.m */,
				D80590411B238C22006DC364 /* Main.storyboard */,
				D80590441B238C22006DC364 /* Images.xcassets */,
				D80590461B238C22006DC364 /* LaunchScreen.xib */,
				D80590371B238C22006DC364 /* Supporting Files */,
			);
			path = "greekgods-parse";
			sourceTree = "<group>";
		};
		D80590371B238C22006DC364 /* Supporting Files */ = {
			isa = PBXGroup;
			children = (
				D80590381B238C22006DC364 /* Info.plist */,
				D80590391B238C22006DC364 /* main.m */,
			);
			name = "Supporting Files";
			sourceTree = "<group>";
		};
		D80590501B238C23006DC364 /* greekgods-parseTests */ = {
			isa = PBXGroup;
			children = (
				D80590531B238C23006DC364 /* greekgods_parseTests.m */,
				D80590511B238C23006DC364 /* Supporting Files */,
			);
			path = "greekgods-parseTests";
			sourceTree = "<group>";
		};
		D80590511B238C23006DC364 /* Supporting Files */ = {
			isa = PBXGroup;
			children = (
				D80590521B238C23006DC364 /* Info.plist */,
			);
			name = "Supporting Files";
			sourceTree = "<group>";
		};
		FEF97535E8FAF5B2687285EB /* Pods */ = {
			isa = PBXGroup;
			children = (
				C0E589DC96ACC74CA22E0A68 /* Pods.debug.xcconfig */,
				8F0355BA344FFC9CF7FFEB7A /* Pods.release.xcconfig */,
			);
			name = Pods;
			sourceTree = "<group>";
		};
/* End PBXGroup section */

/* Begin PBXNativeTarget section */
		D80590331B238C22006DC364 /* greekgods-parse */ = {
			isa = PBXNativeTarget;
			buildConfigurationList = D80590571B238C23006DC364 /* Build configuration list for PBXNativeTarget "greekgods-parse" */;
			buildPhases = (
				D4EC6395ED67C3685D1FE879 /* Check Pods Manifest.lock */,
				D80590301B238C22006DC364 /* Sources */,
				D80590311B238C22006DC364 /* Frameworks */,
				D80590321B238C22006DC364 /* Resources */,
				190B7D51DBA57BBE49457F9B /* Copy Pods Resources */,
			);
			buildRules = (
			);
			dependencies = (
			);
			name = "greekgods-parse";
			productName = "greekgods-parse";
			productReference = D80590341B238C22006DC364 /* greekgods-parse.app */;
			productType = "com.apple.product-type.application";
		};
		D805904C1B238C23006DC364 /* greekgods-parseTests */ = {
			isa = PBXNativeTarget;
			buildConfigurationList = D805905A1B238C23006DC364 /* Build configuration list for PBXNativeTarget "greekgods-parseTests" */;
			buildPhases = (
				D80590491B238C23006DC364 /* Sources */,
				D805904A1B238C23006DC364 /* Frameworks */,
				D805904B1B238C23006DC364 /* Resources */,
			);
			buildRules = (
			);
			dependencies = (
				D805904F1B238C23006DC364 /* PBXTargetDependency */,
			);
			name = "greekgods-parseTests";
			productName = "greekgods-parseTests";
			productReference = D805904D1B238C23006DC364 /* greekgods-parseTests.xctest */;
			productType = "com.apple.product-type.bundle.unit-test";
		};
/* End PBXNativeTarget section */

/* Begin PBXProject section */
		D805902C1B238C22006DC364 /* Project object */ = {
			isa = PBXProject;
			attributes = {
				LastUpgradeCheck = 0630;
				ORGANIZATIONNAME = "Ashley Ng";
				TargetAttributes = {
					D80590331B238C22006DC364 = {
						CreatedOnToolsVersion = 6.3.2;
					};
					D805904C1B238C23006DC364 = {
						CreatedOnToolsVersion = 6.3.2;
						TestTargetID = D80590331B238C22006DC364;
					};
				};
			};
			buildConfigurationList = D805902F1B238C22006DC364 /* Build configuration list for PBXProject "greekgods-parse" */;
			compatibilityVersion = "Xcode 3.2";
			developmentRegion = English;
			hasScannedForEncodings = 0;
			knownRegions = (
				en,
				Base,
			);
			mainGroup = D805902B1B238C22006DC364;
			productRefGroup = D80590351B238C22006DC364 /* Products */;
			projectDirPath = "";
			projectRoot = "";
			targets = (
				D80590331B238C22006DC364 /* greekgods-parse */,
				D805904C1B238C23006DC364 /* greekgods-parseTests */,
			);
		};
/* End PBXProject section */

/* Begin PBXResourcesBuildPhase section */
		D80590321B238C22006DC364 /* Resources */ = {
			isa = PBXResourcesBuildPhase;
			buildActionMask = 2147483647;
			files = (
				D80590431B238C22006DC364 /* Main.storyboard in Resources */,
				D80590481B238C22006DC364 /* LaunchScreen.xib in Resources */,
				D80590451B238C22006DC364 /* Images.xcassets in Resources */,
			);
			runOnlyForDeploymentPostprocessing = 0;
		};
		D805904B1B238C23006DC364 /* Resources */ = {
			isa = PBXResourcesBuildPhase;
			buildActionMask = 2147483647;
			files = (
			);
			runOnlyForDeploymentPostprocessing = 0;
		};
/* End PBXResourcesBuildPhase section */

/* Begin PBXShellScriptBuildPhase section */
		190B7D51DBA57BBE49457F9B /* Copy Pods Resources */ = {
			isa = PBXShellScriptBuildPhase;
			buildActionMask = 2147483647;
			files = (
			);
			inputPaths = (
			);
			name = "Copy Pods Resources";
			outputPaths = (
			);
			runOnlyForDeploymentPostprocessing = 0;
			shellPath = /bin/sh;
			shellScript = "\"${SRCROOT}/Pods/Target Support Files/Pods/Pods-resources.sh\"\n";
			showEnvVarsInLog = 0;
		};
		D4EC6395ED67C3685D1FE879 /* Check Pods Manifest.lock */ = {
			isa = PBXShellScriptBuildPhase;
			buildActionMask = 2147483647;
			files = (
			);
			inputPaths = (
			);
			name = "Check Pods Manifest.lock";
			outputPaths = (
			);
			runOnlyForDeploymentPostprocessing = 0;
			shellPath = /bin/sh;
			shellScript = "diff \"${PODS_ROOT}/../Podfile.lock\" \"${PODS_ROOT}/Manifest.lock\" > /dev/null\nif [[ $? != 0 ]] ; then\n    cat << EOM\nerror: The sandbox is not in sync with the Podfile.lock. Run 'pod install' or update your CocoaPods installation.\nEOM\n    exit 1\nfi\n";
			showEnvVarsInLog = 0;
		};
/* End PBXShellScriptBuildPhase section */

/* Begin PBXSourcesBuildPhase section */
		D80590301B238C22006DC364 /* Sources */ = {
			isa = PBXSourcesBuildPhase;
			buildActionMask = 2147483647;
			files = (
				D80590401B238C22006DC364 /* ViewController.m in Sources */,
				D8029A291B23954400AE8D11 /* GreekGodTVC.m in Sources */,
				D805903D1B238C22006DC364 /* AppDelegate.m in Sources */,
				D8E5FD0B1B23BBC600AD4140 /* DetailVC.m in Sources */,
				D8E5FD081B23B67D00AD4140 /* FormVC.m in Sources */,
				D805903A1B238C22006DC364 /* main.m in Sources */,
			);
			runOnlyForDeploymentPostprocessing = 0;
		};
		D80590491B238C23006DC364 /* Sources */ = {
			isa = PBXSourcesBuildPhase;
			buildActionMask = 2147483647;
			files = (
				D80590541B238C23006DC364 /* greekgods_parseTests.m in Sources */,
			);
			runOnlyForDeploymentPostprocessing = 0;
		};
/* End PBXSourcesBuildPhase section */

/* Begin PBXTargetDependency section */
		D805904F1B238C23006DC364 /* PBXTargetDependency */ = {
			isa = PBXTargetDependency;
			target = D80590331B238C22006DC364 /* greekgods-parse */;
			targetProxy = D805904E1B238C23006DC364 /* PBXContainerItemProxy */;
		};
/* End PBXTargetDependency section */

/* Begin PBXVariantGroup section */
		D80590411B238C22006DC364 /* Main.storyboard */ = {
			isa = PBXVariantGroup;
			children = (
				D80590421B238C22006DC364 /* Base */,
			);
			name = Main.storyboard;
			sourceTree = "<group>";
		};
		D80590461B238C22006DC364 /* LaunchScreen.xib */ = {
			isa = PBXVariantGroup;
			children = (
				D80590471B238C22006DC364 /* Base */,
			);
			name = LaunchScreen.xib;
			sourceTree = "<group>";
		};
/* End PBXVariantGroup section */

/* Begin XCBuildConfiguration section */
		D80590551B238C23006DC364 /* Debug */ = {
			isa = XCBuildConfiguration;
			buildSettings = {
				ALWAYS_SEARCH_USER_PATHS = NO;
				CLANG_CXX_LANGUAGE_STANDARD = "gnu++0x";
				CLANG_CXX_LIBRARY = "libc++";
				CLANG_ENABLE_MODULES = YES;
				CLANG_ENABLE_OBJC_ARC = YES;
				CLANG_WARN_BOOL_CONVERSION = YES;
				CLANG_WARN_CONSTANT_CONVERSION = YES;
				CLANG_WARN_DIRECT_OBJC_ISA_USAGE = YES_ERROR;
				CLANG_WARN_EMPTY_BODY = YES;
				CLANG_WARN_ENUM_CONVERSION = YES;
				CLANG_WARN_INT_CONVERSION = YES;
				CLANG_WARN_OBJC_ROOT_CLASS = YES_ERROR;
				CLANG_WARN_UNREACHABLE_CODE = YES;
				CLANG_WARN__DUPLICATE_METHOD_MATCH = YES;
				"CODE_SIGN_IDENTITY[sdk=iphoneos*]" = "iPhone Developer";
				COPY_PHASE_STRIP = NO;
				DEBUG_INFORMATION_FORMAT = "dwarf-with-dsym";
				ENABLE_STRICT_OBJC_MSGSEND = YES;
				GCC_C_LANGUAGE_STANDARD = gnu99;
				GCC_DYNAMIC_NO_PIC = NO;
				GCC_NO_COMMON_BLOCKS = YES;
				GCC_OPTIMIZATION_LEVEL = 0;
				GCC_PREPROCESSOR_DEFINITIONS = (
					"DEBUG=1",
					"$(inherited)",
				);
				GCC_SYMBOLS_PRIVATE_EXTERN = NO;
				GCC_WARN_64_TO_32_BIT_CONVERSION = YES;
				GCC_WARN_ABOUT_RETURN_TYPE = YES_ERROR;
				GCC_WARN_UNDECLARED_SELECTOR = YES;
				GCC_WARN_UNINITIALIZED_AUTOS = YES_AGGRESSIVE;
				GCC_WARN_UNUSED_FUNCTION = YES;
				GCC_WARN_UNUSED_VARIABLE = YES;
				IPHONEOS_DEPLOYMENT_TARGET = 8.3;
				MTL_ENABLE_DEBUG_INFO = YES;
				ONLY_ACTIVE_ARCH = YES;
				SDKROOT = iphoneos;
			};
			name = Debug;
		};
		D80590561B238C23006DC364 /* Release */ = {
			isa = XCBuildConfiguration;
			buildSettings = {
				ALWAYS_SEARCH_USER_PATHS = NO;
				CLANG_CXX_LANGUAGE_STANDARD = "gnu++0x";
				CLANG_CXX_LIBRARY = "libc++";
				CLANG_ENABLE_MODULES = YES;
				CLANG_ENABLE_OBJC_ARC = YES;
				CLANG_WARN_BOOL_CONVERSION = YES;
				CLANG_WARN_CONSTANT_CONVERSION = YES;
				CLANG_WARN_DIRECT_OBJC_ISA_USAGE = YES_ERROR;
				CLANG_WARN_EMPTY_BODY = YES;
				CLANG_WARN_ENUM_CONVERSION = YES;
				CLANG_WARN_INT_CONVERSION = YES;
				CLANG_WARN_OBJC_ROOT_CLASS = YES_ERROR;
				CLANG_WARN_UNREACHABLE_CODE = YES;
				CLANG_WARN__DUPLICATE_METHOD_MATCH = YES;
				"CODE_SIGN_IDENTITY[sdk=iphoneos*]" = "iPhone Developer";
				COPY_PHASE_STRIP = NO;
				DEBUG_INFORMATION_FORMAT = "dwarf-with-dsym";
				ENABLE_NS_ASSERTIONS = NO;
				ENABLE_STRICT_OBJC_MSGSEND = YES;
				GCC_C_LANGUAGE_STANDARD = gnu99;
				GCC_NO_COMMON_BLOCKS = YES;
				GCC_WARN_64_TO_32_BIT_CONVERSION = YES;
				GCC_WARN_ABOUT_RETURN_TYPE = YES_ERROR;
				GCC_WARN_UNDECLARED_SELECTOR = YES;
				GCC_WARN_UNINITIALIZED_AUTOS = YES_AGGRESSIVE;
				GCC_WARN_UNUSED_FUNCTION = YES;
				GCC_WARN_UNUSED_VARIABLE = YES;
				IPHONEOS_DEPLOYMENT_TARGET = 8.3;
				MTL_ENABLE_DEBUG_INFO = NO;
				SDKROOT = iphoneos;
				VALIDATE_PRODUCT = YES;
			};
			name = Release;
		};
		D80590581B238C23006DC364 /* Debug */ = {
			isa = XCBuildConfiguration;
			baseConfigurationReference = C0E589DC96ACC74CA22E0A68 /* Pods.debug.xcconfig */;
			buildSettings = {
				ASSETCATALOG_COMPILER_APPICON_NAME = AppIcon;
				INFOPLIST_FILE = "greekgods-parse/Info.plist";
				LD_RUNPATH_SEARCH_PATHS = "$(inherited) @executable_path/Frameworks";
				PRODUCT_NAME = "$(TARGET_NAME)";
			};
			name = Debug;
		};
		D80590591B238C23006DC364 /* Release */ = {
			isa = XCBuildConfiguration;
			baseConfigurationReference = 8F0355BA344FFC9CF7FFEB7A /* Pods.release.xcconfig */;
			buildSettings = {
				ASSETCATALOG_COMPILER_APPICON_NAME = AppIcon;
				INFOPLIST_FILE = "greekgods-parse/Info.plist";
				LD_RUNPATH_SEARCH_PATHS = "$(inherited) @executable_path/Frameworks";
				PRODUCT_NAME = "$(TARGET_NAME)";
			};
			name = Release;
		};
		D805905B1B238C23006DC364 /* Debug */ = {
			isa = XCBuildConfiguration;
			buildSettings = {
				BUNDLE_LOADER = "$(TEST_HOST)";
				FRAMEWORK_SEARCH_PATHS = (
					"$(SDKROOT)/Developer/Library/Frameworks",
					"$(inherited)",
				);
				GCC_PREPROCESSOR_DEFINITIONS = (
					"DEBUG=1",
					"$(inherited)",
				);
				INFOPLIST_FILE = "greekgods-parseTests/Info.plist";
				LD_RUNPATH_SEARCH_PATHS = "$(inherited) @executable_path/Frameworks @loader_path/Frameworks";
				PRODUCT_NAME = "$(TARGET_NAME)";
				TEST_HOST = "$(BUILT_PRODUCTS_DIR)/greekgods-parse.app/greekgods-parse";
			};
			name = Debug;
		};
		D805905C1B238C23006DC364 /* Release */ = {
			isa = XCBuildConfiguration;
			buildSettings = {
				BUNDLE_LOADER = "$(TEST_HOST)";
				FRAMEWORK_SEARCH_PATHS = (
					"$(SDKROOT)/Developer/Library/Frameworks",
					"$(inherited)",
				);
				INFOPLIST_FILE = "greekgods-parseTests/Info.plist";
				LD_RUNPATH_SEARCH_PATHS = "$(inherited) @executable_path/Frameworks @loader_path/Frameworks";
				PRODUCT_NAME = "$(TARGET_NAME)";
				TEST_HOST = "$(BUILT_PRODUCTS_DIR)/greekgods-parse.app/greekgods-parse";
			};
			name = Release;
		};
/* End XCBuildConfiguration section */

/* Begin XCConfigurationList section */
		D805902F1B238C22006DC364 /* Build configuration list for PBXProject "greekgods-parse" */ = {
			isa = XCConfigurationList;
			buildConfigurations = (
				D80590551B238C23006DC364 /* Debug */,
				D80590561B238C23006DC364 /* Release */,
			);
			defaultConfigurationIsVisible = 0;
			defaultConfigurationName = Release;
		};
		D80590571B238C23006DC364 /* Build configuration list for PBXNativeTarget "greekgods-parse" */ = {
			isa = XCConfigurationList;
			buildConfigurations = (
				D80590581B238C23006DC364 /* Debug */,
				D80590591B238C23006DC364 /* Release */,
			);
			defaultConfigurationIsVisible = 0;
			defaultConfigurationName = Release;
		};
		D805905A1B238C23006DC364 /* Build configuration list for PBXNativeTarget "greekgods-parseTests" */ = {
			isa = XCConfigurationList;
			buildConfigurations = (
				D805905B1B238C23006DC364 /* Debug */,
				D805905C1B238C23006DC364 /* Release */,
			);
			defaultConfigurationIsVisible = 0;
			defaultConfigurationName = Release;
		};
/* End XCConfigurationList section */
	};
	rootObject = D805902C1B238C22006DC364 /* Project object */;
}
