// !$*UTF8*$!
{
	archiveVersion = 1;
	classes = {
	};
	objectVersion = 46;
	objects = {

/* Begin PBXBuildFile section */
		B6AE7B78A4D0D5BA16CFD54B /* libPods.a in Frameworks */ = {isa = PBXBuildFile; fileRef = E8A2FD5187C16CFCA044510F /* libPods.a */; };
		D83318E11B1D34490032BF6F /* GreekGodsTVC.m in Sources */ = {isa = PBXBuildFile; fileRef = D83318E01B1D34490032BF6F /* GreekGodsTVC.m */; };
		D83318E71B1D48140032BF6F /* GreekGodDetailVC.m in Sources */ = {isa = PBXBuildFile; fileRef = D83318E61B1D48140032BF6F /* GreekGodDetailVC.m */; };
		D83318EA1B1D52160032BF6F /* FormVC.m in Sources */ = {isa = PBXBuildFile; fileRef = D83318E91B1D52160032BF6F /* FormVC.m */; };
		D85856791B1D2A390032DD21 /* main.m in Sources */ = {isa = PBXBuildFile; fileRef = D85856781B1D2A390032DD21 /* main.m */; };
		D858567C1B1D2A390032DD21 /* AppDelegate.m in Sources */ = {isa = PBXBuildFile; fileRef = D858567B1B1D2A390032DD21 /* AppDelegate.m */; };
		D858567F1B1D2A390032DD21 /* ViewController.m in Sources */ = {isa = PBXBuildFile; fileRef = D858567E1B1D2A390032DD21 /* ViewController.m */; };
		D85856821B1D2A390032DD21 /* Main.storyboard in Resources */ = {isa = PBXBuildFile; fileRef = D85856801B1D2A390032DD21 /* Main.storyboard */; };
		D85856841B1D2A390032DD21 /* Images.xcassets in Resources */ = {isa = PBXBuildFile; fileRef = D85856831B1D2A390032DD21 /* Images.xcassets */; };
		D85856871B1D2A390032DD21 /* LaunchScreen.xib in Resources */ = {isa = PBXBuildFile; fileRef = D85856851B1D2A390032DD21 /* LaunchScreen.xib */; };
		D85856931B1D2A390032DD21 /* Greek_GodsTests.m in Sources */ = {isa = PBXBuildFile; fileRef = D85856921B1D2A390032DD21 /* Greek_GodsTests.m */; };
		D890B32F1B24CCA9003CCD05 /* constants.m in Sources */ = {isa = PBXBuildFile; fileRef = D890B32E1B24CCA9003CCD05 /* constants.m */; };
/* End PBXBuildFile section */

/* Begin PBXContainerItemProxy section */
		D858568D1B1D2A390032DD21 /* PBXContainerItemProxy */ = {
			isa = PBXContainerItemProxy;
			containerPortal = D858566B1B1D2A390032DD21 /* Project object */;
			proxyType = 1;
			remoteGlobalIDString = D85856721B1D2A390032DD21;
			remoteInfo = "Greek-Gods";
		};
/* End PBXContainerItemProxy section */

/* Begin PBXFileReference section */
		3B260FB1120A22DDA72A5A99 /* Pods.release.xcconfig */ = {isa = PBXFileReference; includeInIndex = 1; lastKnownFileType = text.xcconfig; name = Pods.release.xcconfig; path = "Pods/Target Support Files/Pods/Pods.release.xcconfig"; sourceTree = "<group>"; };
		D83318DF1B1D34490032BF6F /* GreekGodsTVC.h */ = {isa = PBXFileReference; fileEncoding = 4; lastKnownFileType = sourcecode.c.h; path = GreekGodsTVC.h; sourceTree = "<group>"; };
		D83318E01B1D34490032BF6F /* GreekGodsTVC.m */ = {isa = PBXFileReference; fileEncoding = 4; lastKnownFileType = sourcecode.c.objc; path = GreekGodsTVC.m; sourceTree = "<group>"; };
		D83318E51B1D48140032BF6F /* GreekGodDetailVC.h */ = {isa = PBXFileReference; fileEncoding = 4; lastKnownFileType = sourcecode.c.h; path = GreekGodDetailVC.h; sourceTree = "<group>"; };
		D83318E61B1D48140032BF6F /* GreekGodDetailVC.m */ = {isa = PBXFileReference; fileEncoding = 4; lastKnownFileType = sourcecode.c.objc; path = GreekGodDetailVC.m; sourceTree = "<group>"; };
		D83318E81B1D52160032BF6F /* FormVC.h */ = {isa = PBXFileReference; fileEncoding = 4; lastKnownFileType = sourcecode.c.h; path = FormVC.h; sourceTree = "<group>"; };
		D83318E91B1D52160032BF6F /* FormVC.m */ = {isa = PBXFileReference; fileEncoding = 4; lastKnownFileType = sourcecode.c.objc; path = FormVC.m; sourceTree = "<group>"; };
		D85856731B1D2A390032DD21 /* Greek-Gods.app */ = {isa = PBXFileReference; explicitFileType = wrapper.application; includeInIndex = 0; path = "Greek-Gods.app"; sourceTree = BUILT_PRODUCTS_DIR; };
		D85856771B1D2A390032DD21 /* Info.plist */ = {isa = PBXFileReference; lastKnownFileType = text.plist.xml; path = Info.plist; sourceTree = "<group>"; };
		D85856781B1D2A390032DD21 /* main.m */ = {isa = PBXFileReference; lastKnownFileType = sourcecode.c.objc; path = main.m; sourceTree = "<group>"; };
		D858567A1B1D2A390032DD21 /* AppDelegate.h */ = {isa = PBXFileReference; lastKnownFileType = sourcecode.c.h; path = AppDelegate.h; sourceTree = "<group>"; };
		D858567B1B1D2A390032DD21 /* AppDelegate.m */ = {isa = PBXFileReference; lastKnownFileType = sourcecode.c.objc; path = AppDelegate.m; sourceTree = "<group>"; };
		D858567D1B1D2A390032DD21 /* ViewController.h */ = {isa = PBXFileReference; lastKnownFileType = sourcecode.c.h; path = ViewController.h; sourceTree = "<group>"; };
		D858567E1B1D2A390032DD21 /* ViewController.m */ = {isa = PBXFileReference; lastKnownFileType = sourcecode.c.objc; path = ViewController.m; sourceTree = "<group>"; };
		D85856811B1D2A390032DD21 /* Base */ = {isa = PBXFileReference; lastKnownFileType = file.storyboard; name = Base; path = Base.lproj/Main.storyboard; sourceTree = "<group>"; };
		D85856831B1D2A390032DD21 /* Images.xcassets */ = {isa = PBXFileReference; lastKnownFileType = folder.assetcatalog; path = Images.xcassets; sourceTree = "<group>"; };
		D85856861B1D2A390032DD21 /* Base */ = {isa = PBXFileReference; lastKnownFileType = file.xib; name = Base; path = Base.lproj/LaunchScreen.xib; sourceTree = "<group>"; };
		D858568C1B1D2A390032DD21 /* Greek-GodsTests.xctest */ = {isa = PBXFileReference; explicitFileType = wrapper.cfbundle; includeInIndex = 0; path = "Greek-GodsTests.xctest"; sourceTree = BUILT_PRODUCTS_DIR; };
		D85856911B1D2A390032DD21 /* Info.plist */ = {isa = PBXFileReference; lastKnownFileType = text.plist.xml; path = Info.plist; sourceTree = "<group>"; };
		D85856921B1D2A390032DD21 /* Greek_GodsTests.m */ = {isa = PBXFileReference; lastKnownFileType = sourcecode.c.objc; path = Greek_GodsTests.m; sourceTree = "<group>"; };
		D890B32D1B24CCA9003CCD05 /* constants.h */ = {isa = PBXFileReference; fileEncoding = 4; lastKnownFileType = sourcecode.c.h; path = constants.h; sourceTree = "<group>"; };
		D890B32E1B24CCA9003CCD05 /* constants.m */ = {isa = PBXFileReference; fileEncoding = 4; lastKnownFileType = sourcecode.c.objc; path = constants.m; sourceTree = "<group>"; };
		D8BAE2241B2146F20091DE16 /* NSStrinAdditions.h */ = {isa = PBXFileReference; lastKnownFileType = sourcecode.c.h; path = NSStrinAdditions.h; sourceTree = "<group>"; };
		E8A2FD5187C16CFCA044510F /* libPods.a */ = {isa = PBXFileReference; explicitFileType = archive.ar; includeInIndex = 0; path = libPods.a; sourceTree = BUILT_PRODUCTS_DIR; };
		EDDE6BF13832C3993408A134 /* Pods.debug.xcconfig */ = {isa = PBXFileReference; includeInIndex = 1; lastKnownFileType = text.xcconfig; name = Pods.debug.xcconfig; path = "Pods/Target Support Files/Pods/Pods.debug.xcconfig"; sourceTree = "<group>"; };
/* End PBXFileReference section */

/* Begin PBXFrameworksBuildPhase section */
		D85856701B1D2A390032DD21 /* Frameworks */ = {
			isa = PBXFrameworksBuildPhase;
			buildActionMask = 2147483647;
			files = (
				B6AE7B78A4D0D5BA16CFD54B /* libPods.a in Frameworks */,
			);
			runOnlyForDeploymentPostprocessing = 0;
		};
		D85856891B1D2A390032DD21 /* Frameworks */ = {
			isa = PBXFrameworksBuildPhase;
			buildActionMask = 2147483647;
			files = (
			);
			runOnlyForDeploymentPostprocessing = 0;
		};
/* End PBXFrameworksBuildPhase section */

/* Begin PBXGroup section */
		8A0089D296AB29196F58ABFB /* Pods */ = {
			isa = PBXGroup;
			children = (
				EDDE6BF13832C3993408A134 /* Pods.debug.xcconfig */,
				3B260FB1120A22DDA72A5A99 /* Pods.release.xcconfig */,
			);
			name = Pods;
			sourceTree = "<group>";
		};
		CD3BDF7417580BCF1BCAD127 /* Frameworks */ = {
			isa = PBXGroup;
			children = (
				E8A2FD5187C16CFCA044510F /* libPods.a */,
			);
			name = Frameworks;
			sourceTree = "<group>";
		};
		D858566A1B1D2A390032DD21 = {
			isa = PBXGroup;
			children = (
				D85856751B1D2A390032DD21 /* Greek-Gods */,
				D858568F1B1D2A390032DD21 /* Greek-GodsTests */,
				D85856741B1D2A390032DD21 /* Products */,
				8A0089D296AB29196F58ABFB /* Pods */,
				CD3BDF7417580BCF1BCAD127 /* Frameworks */,
			);
			sourceTree = "<group>";
		};
		D85856741B1D2A390032DD21 /* Products */ = {
			isa = PBXGroup;
			children = (
				D85856731B1D2A390032DD21 /* Greek-Gods.app */,
				D858568C1B1D2A390032DD21 /* Greek-GodsTests.xctest */,
			);
			name = Products;
			sourceTree = "<group>";
		};
		D85856751B1D2A390032DD21 /* Greek-Gods */ = {
			isa = PBXGroup;
			children = (
				D858567A1B1D2A390032DD21 /* AppDelegate.h */,
				D858567B1B1D2A390032DD21 /* AppDelegate.m */,
				D858567D1B1D2A390032DD21 /* ViewController.h */,
				D858567E1B1D2A390032DD21 /* ViewController.m */,
				D83318DF1B1D34490032BF6F /* GreekGodsTVC.h */,
				D83318E01B1D34490032BF6F /* GreekGodsTVC.m */,
				D83318E51B1D48140032BF6F /* GreekGodDetailVC.h */,
				D83318E61B1D48140032BF6F /* GreekGodDetailVC.m */,
				D83318E81B1D52160032BF6F /* FormVC.h */,
				D83318E91B1D52160032BF6F /* FormVC.m */,
				D85856801B1D2A390032DD21 /* Main.storyboard */,
				D85856831B1D2A390032DD21 /* Images.xcassets */,
				D85856851B1D2A390032DD21 /* LaunchScreen.xib */,
				D85856761B1D2A390032DD21 /* Supporting Files */,
				D890B32D1B24CCA9003CCD05 /* constants.h */,
				D890B32E1B24CCA9003CCD05 /* constants.m */,
			);
			path = "Greek-Gods";
			sourceTree = "<group>";
		};
		D85856761B1D2A390032DD21 /* Supporting Files */ = {
			isa = PBXGroup;
			children = (
				D85856771B1D2A390032DD21 /* Info.plist */,
				D85856781B1D2A390032DD21 /* main.m */,
				D8BAE2241B2146F20091DE16 /* NSStrinAdditions.h */,
			);
			name = "Supporting Files";
			sourceTree = "<group>";
		};
		D858568F1B1D2A390032DD21 /* Greek-GodsTests */ = {
			isa = PBXGroup;
			children = (
				D85856921B1D2A390032DD21 /* Greek_GodsTests.m */,
				D85856901B1D2A390032DD21 /* Supporting Files */,
			);
			path = "Greek-GodsTests";
			sourceTree = "<group>";
		};
		D85856901B1D2A390032DD21 /* Supporting Files */ = {
			isa = PBXGroup;
			children = (
				D85856911B1D2A390032DD21 /* Info.plist */,
			);
			name = "Supporting Files";
			sourceTree = "<group>";
		};
/* End PBXGroup section */

/* Begin PBXNativeTarget section */
		D85856721B1D2A390032DD21 /* Greek-Gods */ = {
			isa = PBXNativeTarget;
			buildConfigurationList = D85856961B1D2A390032DD21 /* Build configuration list for PBXNativeTarget "Greek-Gods" */;
			buildPhases = (
				16BC07D11A3609276AE0C780 /* Check Pods Manifest.lock */,
				D858566F1B1D2A390032DD21 /* Sources */,
				D85856701B1D2A390032DD21 /* Frameworks */,
				D85856711B1D2A390032DD21 /* Resources */,
				8EF8E4E075450150709BDEB7 /* Copy Pods Resources */,
			);
			buildRules = (
			);
			dependencies = (
			);
			name = "Greek-Gods";
			productName = "Greek-Gods";
			productReference = D85856731B1D2A390032DD21 /* Greek-Gods.app */;
			productType = "com.apple.product-type.application";
		};
		D858568B1B1D2A390032DD21 /* Greek-GodsTests */ = {
			isa = PBXNativeTarget;
			buildConfigurationList = D85856991B1D2A390032DD21 /* Build configuration list for PBXNativeTarget "Greek-GodsTests" */;
			buildPhases = (
				D85856881B1D2A390032DD21 /* Sources */,
				D85856891B1D2A390032DD21 /* Frameworks */,
				D858568A1B1D2A390032DD21 /* Resources */,
			);
			buildRules = (
			);
			dependencies = (
				D858568E1B1D2A390032DD21 /* PBXTargetDependency */,
			);
			name = "Greek-GodsTests";
			productName = "Greek-GodsTests";
			productReference = D858568C1B1D2A390032DD21 /* Greek-GodsTests.xctest */;
			productType = "com.apple.product-type.bundle.unit-test";
		};
/* End PBXNativeTarget section */

/* Begin PBXProject section */
		D858566B1B1D2A390032DD21 /* Project object */ = {
			isa = PBXProject;
			attributes = {
				LastUpgradeCheck = 0630;
				ORGANIZATIONNAME = "Ashley Ng";
				TargetAttributes = {
					D85856721B1D2A390032DD21 = {
						CreatedOnToolsVersion = 6.3.2;
					};
					D858568B1B1D2A390032DD21 = {
						CreatedOnToolsVersion = 6.3.2;
						TestTargetID = D85856721B1D2A390032DD21;
					};
				};
			};
			buildConfigurationList = D858566E1B1D2A390032DD21 /* Build configuration list for PBXProject "Greek-Gods" */;
			compatibilityVersion = "Xcode 3.2";
			developmentRegion = English;
			hasScannedForEncodings = 0;
			knownRegions = (
				en,
				Base,
			);
			mainGroup = D858566A1B1D2A390032DD21;
			productRefGroup = D85856741B1D2A390032DD21 /* Products */;
			projectDirPath = "";
			projectRoot = "";
			targets = (
				D85856721B1D2A390032DD21 /* Greek-Gods */,
				D858568B1B1D2A390032DD21 /* Greek-GodsTests */,
			);
		};
/* End PBXProject section */

/* Begin PBXResourcesBuildPhase section */
		D85856711B1D2A390032DD21 /* Resources */ = {
			isa = PBXResourcesBuildPhase;
			buildActionMask = 2147483647;
			files = (
				D85856821B1D2A390032DD21 /* Main.storyboard in Resources */,
				D85856871B1D2A390032DD21 /* LaunchScreen.xib in Resources */,
				D85856841B1D2A390032DD21 /* Images.xcassets in Resources */,
			);
			runOnlyForDeploymentPostprocessing = 0;
		};
		D858568A1B1D2A390032DD21 /* Resources */ = {
			isa = PBXResourcesBuildPhase;
			buildActionMask = 2147483647;
			files = (
			);
			runOnlyForDeploymentPostprocessing = 0;
		};
/* End PBXResourcesBuildPhase section */

/* Begin PBXShellScriptBuildPhase section */
		16BC07D11A3609276AE0C780 /* Check Pods Manifest.lock */ = {
			isa = PBXShellScriptBuildPhase;
			buildActionMask = 2147483647;
			files = (
			);
			inputPaths = (
			);
			name = "Check Pods Manifest.lock";
			outputPaths = (
			);
			runOnlyForDeploymentPostprocessing = 0;
			shellPath = /bin/sh;
			shellScript = "diff \"${PODS_ROOT}/../Podfile.lock\" \"${PODS_ROOT}/Manifest.lock\" > /dev/null\nif [[ $? != 0 ]] ; then\n    cat << EOM\nerror: The sandbox is not in sync with the Podfile.lock. Run 'pod install' or update your CocoaPods installation.\nEOM\n    exit 1\nfi\n";
			showEnvVarsInLog = 0;
		};
		8EF8E4E075450150709BDEB7 /* Copy Pods Resources */ = {
			isa = PBXShellScriptBuildPhase;
			buildActionMask = 2147483647;
			files = (
			);
			inputPaths = (
			);
			name = "Copy Pods Resources";
			outputPaths = (
			);
			runOnlyForDeploymentPostprocessing = 0;
			shellPath = /bin/sh;
			shellScript = "\"${SRCROOT}/Pods/Target Support Files/Pods/Pods-resources.sh\"\n";
			showEnvVarsInLog = 0;
		};
/* End PBXShellScriptBuildPhase section */

/* Begin PBXSourcesBuildPhase section */
		D858566F1B1D2A390032DD21 /* Sources */ = {
			isa = PBXSourcesBuildPhase;
			buildActionMask = 2147483647;
			files = (
				D83318EA1B1D52160032BF6F /* FormVC.m in Sources */,
				D858567F1B1D2A390032DD21 /* ViewController.m in Sources */,
				D83318E71B1D48140032BF6F /* GreekGodDetailVC.m in Sources */,
				D890B32F1B24CCA9003CCD05 /* constants.m in Sources */,
				D83318E11B1D34490032BF6F /* GreekGodsTVC.m in Sources */,
				D858567C1B1D2A390032DD21 /* AppDelegate.m in Sources */,
				D85856791B1D2A390032DD21 /* main.m in Sources */,
			);
			runOnlyForDeploymentPostprocessing = 0;
		};
		D85856881B1D2A390032DD21 /* Sources */ = {
			isa = PBXSourcesBuildPhase;
			buildActionMask = 2147483647;
			files = (
				D85856931B1D2A390032DD21 /* Greek_GodsTests.m in Sources */,
			);
			runOnlyForDeploymentPostprocessing = 0;
		};
/* End PBXSourcesBuildPhase section */

/* Begin PBXTargetDependency section */
		D858568E1B1D2A390032DD21 /* PBXTargetDependency */ = {
			isa = PBXTargetDependency;
			target = D85856721B1D2A390032DD21 /* Greek-Gods */;
			targetProxy = D858568D1B1D2A390032DD21 /* PBXContainerItemProxy */;
		};
/* End PBXTargetDependency section */

/* Begin PBXVariantGroup section */
		D85856801B1D2A390032DD21 /* Main.storyboard */ = {
			isa = PBXVariantGroup;
			children = (
				D85856811B1D2A390032DD21 /* Base */,
			);
			name = Main.storyboard;
			sourceTree = "<group>";
		};
		D85856851B1D2A390032DD21 /* LaunchScreen.xib */ = {
			isa = PBXVariantGroup;
			children = (
				D85856861B1D2A390032DD21 /* Base */,
			);
			name = LaunchScreen.xib;
			sourceTree = "<group>";
		};
/* End PBXVariantGroup section */

/* Begin XCBuildConfiguration section */
		D85856941B1D2A390032DD21 /* Debug */ = {
			isa = XCBuildConfiguration;
			buildSettings = {
				ALWAYS_SEARCH_USER_PATHS = NO;
				CLANG_CXX_LANGUAGE_STANDARD = "gnu++0x";
				CLANG_CXX_LIBRARY = "libc++";
				CLANG_ENABLE_MODULES = YES;
				CLANG_ENABLE_OBJC_ARC = YES;
				CLANG_WARN_BOOL_CONVERSION = YES;
				CLANG_WARN_CONSTANT_CONVERSION = YES;
				CLANG_WARN_DIRECT_OBJC_ISA_USAGE = YES_ERROR;
				CLANG_WARN_EMPTY_BODY = YES;
				CLANG_WARN_ENUM_CONVERSION = YES;
				CLANG_WARN_INT_CONVERSION = YES;
				CLANG_WARN_OBJC_ROOT_CLASS = YES_ERROR;
				CLANG_WARN_UNREACHABLE_CODE = YES;
				CLANG_WARN__DUPLICATE_METHOD_MATCH = YES;
				"CODE_SIGN_IDENTITY[sdk=iphoneos*]" = "iPhone Developer";
				COPY_PHASE_STRIP = NO;
				DEBUG_INFORMATION_FORMAT = "dwarf-with-dsym";
				ENABLE_STRICT_OBJC_MSGSEND = YES;
				GCC_C_LANGUAGE_STANDARD = gnu99;
				GCC_DYNAMIC_NO_PIC = NO;
				GCC_NO_COMMON_BLOCKS = YES;
				GCC_OPTIMIZATION_LEVEL = 0;
				GCC_PREPROCESSOR_DEFINITIONS = (
					"DEBUG=1",
					"$(inherited)",
				);
				GCC_SYMBOLS_PRIVATE_EXTERN = NO;
				GCC_WARN_64_TO_32_BIT_CONVERSION = YES;
				GCC_WARN_ABOUT_RETURN_TYPE = YES_ERROR;
				GCC_WARN_UNDECLARED_SELECTOR = YES;
				GCC_WARN_UNINITIALIZED_AUTOS = YES_AGGRESSIVE;
				GCC_WARN_UNUSED_FUNCTION = YES;
				GCC_WARN_UNUSED_VARIABLE = YES;
				IPHONEOS_DEPLOYMENT_TARGET = 8.3;
				MTL_ENABLE_DEBUG_INFO = YES;
				ONLY_ACTIVE_ARCH = YES;
				SDKROOT = iphoneos;
			};
			name = Debug;
		};
		D85856951B1D2A390032DD21 /* Release */ = {
			isa = XCBuildConfiguration;
			buildSettings = {
				ALWAYS_SEARCH_USER_PATHS = NO;
				CLANG_CXX_LANGUAGE_STANDARD = "gnu++0x";
				CLANG_CXX_LIBRARY = "libc++";
				CLANG_ENABLE_MODULES = YES;
				CLANG_ENABLE_OBJC_ARC = YES;
				CLANG_WARN_BOOL_CONVERSION = YES;
				CLANG_WARN_CONSTANT_CONVERSION = YES;
				CLANG_WARN_DIRECT_OBJC_ISA_USAGE = YES_ERROR;
				CLANG_WARN_EMPTY_BODY = YES;
				CLANG_WARN_ENUM_CONVERSION = YES;
				CLANG_WARN_INT_CONVERSION = YES;
				CLANG_WARN_OBJC_ROOT_CLASS = YES_ERROR;
				CLANG_WARN_UNREACHABLE_CODE = YES;
				CLANG_WARN__DUPLICATE_METHOD_MATCH = YES;
				"CODE_SIGN_IDENTITY[sdk=iphoneos*]" = "iPhone Developer";
				COPY_PHASE_STRIP = NO;
				DEBUG_INFORMATION_FORMAT = "dwarf-with-dsym";
				ENABLE_NS_ASSERTIONS = NO;
				ENABLE_STRICT_OBJC_MSGSEND = YES;
				GCC_C_LANGUAGE_STANDARD = gnu99;
				GCC_NO_COMMON_BLOCKS = YES;
				GCC_WARN_64_TO_32_BIT_CONVERSION = YES;
				GCC_WARN_ABOUT_RETURN_TYPE = YES_ERROR;
				GCC_WARN_UNDECLARED_SELECTOR = YES;
				GCC_WARN_UNINITIALIZED_AUTOS = YES_AGGRESSIVE;
				GCC_WARN_UNUSED_FUNCTION = YES;
				GCC_WARN_UNUSED_VARIABLE = YES;
				IPHONEOS_DEPLOYMENT_TARGET = 8.3;
				MTL_ENABLE_DEBUG_INFO = NO;
				SDKROOT = iphoneos;
				VALIDATE_PRODUCT = YES;
			};
			name = Release;
		};
		D85856971B1D2A390032DD21 /* Debug */ = {
			isa = XCBuildConfiguration;
			baseConfigurationReference = EDDE6BF13832C3993408A134 /* Pods.debug.xcconfig */;
			buildSettings = {
				ASSETCATALOG_COMPILER_APPICON_NAME = AppIcon;
				INFOPLIST_FILE = "Greek-Gods/Info.plist";
				LD_RUNPATH_SEARCH_PATHS = "$(inherited) @executable_path/Frameworks";
				PRODUCT_NAME = "$(TARGET_NAME)";
			};
			name = Debug;
		};
		D85856981B1D2A390032DD21 /* Release */ = {
			isa = XCBuildConfiguration;
			baseConfigurationReference = 3B260FB1120A22DDA72A5A99 /* Pods.release.xcconfig */;
			buildSettings = {
				ASSETCATALOG_COMPILER_APPICON_NAME = AppIcon;
				INFOPLIST_FILE = "Greek-Gods/Info.plist";
				LD_RUNPATH_SEARCH_PATHS = "$(inherited) @executable_path/Frameworks";
				PRODUCT_NAME = "$(TARGET_NAME)";
			};
			name = Release;
		};
		D858569A1B1D2A390032DD21 /* Debug */ = {
			isa = XCBuildConfiguration;
			buildSettings = {
				BUNDLE_LOADER = "$(TEST_HOST)";
				FRAMEWORK_SEARCH_PATHS = (
					"$(SDKROOT)/Developer/Library/Frameworks",
					"$(inherited)",
				);
				GCC_PREPROCESSOR_DEFINITIONS = (
					"DEBUG=1",
					"$(inherited)",
				);
				INFOPLIST_FILE = "Greek-GodsTests/Info.plist";
				LD_RUNPATH_SEARCH_PATHS = "$(inherited) @executable_path/Frameworks @loader_path/Frameworks";
				PRODUCT_NAME = "$(TARGET_NAME)";
				TEST_HOST = "$(BUILT_PRODUCTS_DIR)/Greek-Gods.app/Greek-Gods";
			};
			name = Debug;
		};
		D858569B1B1D2A390032DD21 /* Release */ = {
			isa = XCBuildConfiguration;
			buildSettings = {
				BUNDLE_LOADER = "$(TEST_HOST)";
				FRAMEWORK_SEARCH_PATHS = (
					"$(SDKROOT)/Developer/Library/Frameworks",
					"$(inherited)",
				);
				INFOPLIST_FILE = "Greek-GodsTests/Info.plist";
				LD_RUNPATH_SEARCH_PATHS = "$(inherited) @executable_path/Frameworks @loader_path/Frameworks";
				PRODUCT_NAME = "$(TARGET_NAME)";
				TEST_HOST = "$(BUILT_PRODUCTS_DIR)/Greek-Gods.app/Greek-Gods";
			};
			name = Release;
		};
/* End XCBuildConfiguration section */

/* Begin XCConfigurationList section */
		D858566E1B1D2A390032DD21 /* Build configuration list for PBXProject "Greek-Gods" */ = {
			isa = XCConfigurationList;
			buildConfigurations = (
				D85856941B1D2A390032DD21 /* Debug */,
				D85856951B1D2A390032DD21 /* Release */,
			);
			defaultConfigurationIsVisible = 0;
			defaultConfigurationName = Release;
		};
		D85856961B1D2A390032DD21 /* Build configuration list for PBXNativeTarget "Greek-Gods" */ = {
			isa = XCConfigurationList;
			buildConfigurations = (
				D85856971B1D2A390032DD21 /* Debug */,
				D85856981B1D2A390032DD21 /* Release */,
			);
			defaultConfigurationIsVisible = 0;
			defaultConfigurationName = Release;
		};
		D85856991B1D2A390032DD21 /* Build configuration list for PBXNativeTarget "Greek-GodsTests" */ = {
			isa = XCConfigurationList;
			buildConfigurations = (
				D858569A1B1D2A390032DD21 /* Debug */,
				D858569B1B1D2A390032DD21 /* Release */,
			);
			defaultConfigurationIsVisible = 0;
			defaultConfigurationName = Release;
		};
/* End XCConfigurationList section */
	};
	rootObject = D858566B1B1D2A390032DD21 /* Project object */;
}
